%{
  "circuits_gpio": {:hex, :circuits_gpio, "1.0.1", "53e0aefebc0eedc1326f7f28cc53831bed84654767eb3c613934c6ec8ca77caa", [:make, :mix], [{:elixir_make, "~> 0.6", [hex: :elixir_make, repo: "hexpm", optional: false]}], "hexpm", "d8e918fdfada785b24a071edc7e4dbd334b3b42c6a0298fc0d13e7f1fc5b3e0a"},
  "elixir_make": {:hex, :elixir_make, "0.6.3", "bc07d53221216838d79e03a8019d0839786703129599e9619f4ab74c8c096eac", [:mix], [], "hexpm", "f5cbd651c5678bcaabdbb7857658ee106b12509cd976c2c2fca99688e1daf716"},
  "pigpiox": {:hex, :pigpiox, "0.1.2", "efbd55fb4b4507aaf44193cf6bf5fbdff288a351bdfed3f31bdc9377ee5623fd", [:mix], [], "hexpm", "c6b05fca2282bb9499181fac2c71a8116b74bb5ac9b853ffbcd1585e9900eec2"},
}
